
Microsoft Visual Studio Solution File, Format Version 12.00
# Visual Studio 15
VisualStudioVersion = 15.0.27703.2042
MinimumVisualStudioVersion = 10.0.40219.1
Project("{FAE04EC0-301F-11D3-BF4B-00C04F79EFBC}") = "CasinosManager.IdentityServer", "CasinosManager.IdentityServer\CasinosManager.IdentityServer.csproj", "{BA8F8082-DFDE-4AE3-94C1-CBCFFC36460D}"
EndProject
Global
	GlobalSection(SolutionConfigurationPlatforms) = preSolution
		Debug|Any CPU = Debug|Any CPU
		Release|Any CPU = Release|Any CPU
	EndGlobalSection
	GlobalSection(ProjectConfigurationPlatforms) = postSolution
		{BA8F8082-DFDE-4AE3-94C1-CBCFFC36460D}.Debug|Any CPU.ActiveCfg = Debug|Any CPU
		{BA8F8082-DFDE-4AE3-94C1-CBCFFC36460D}.Debug|Any CPU.Build.0 = Debug|Any CPU
		{BA8F8082-DFDE-4AE3-94C1-CBCFFC36460D}.Release|Any CPU.ActiveCfg = Release|Any CPU
		{BA8F8082-DFDE-4AE3-94C1-CBCFFC36460D}.Release|Any CPU.Build.0 = Release|Any CPU
	EndGlobalSection
	GlobalSection(SolutionProperties) = preSolution
		HideSolutionNode = FALSE
	EndGlobalSection
	GlobalSection(ExtensibilityGlobals) = postSolution
		SolutionGuid = {1248FC2B-B243-4594-82F0-F56AE9ECE0BB}
	EndGlobalSection
EndGlobal
